
Microsoft Visual Studio Solution File, Format Version 12.00
# Visual Studio Version 17
VisualStudioVersion = 17.11.35327.3
MinimumVisualStudioVersion = 10.0.40219.1
Project("{FAE04EC0-301F-11D3-BF4B-00C04F79EFBC}") = "S10267028_S10267420_PRG2Assignment_Flight Information Display System", "S10267028_S10267420_PRG2Assignment_Flight Information Display System.csproj", "{BF57DFB7-5487-4C9D-BA51-62A6E8F038A2}"
EndProject
Global
	GlobalSection(SolutionConfigurationPlatforms) = preSolution
		Debug|Any CPU = Debug|Any CPU
		Release|Any CPU = Release|Any CPU
	EndGlobalSection
	GlobalSection(ProjectConfigurationPlatforms) = postSolution
		{BF57DFB7-5487-4C9D-BA51-62A6E8F038A2}.Debug|Any CPU.ActiveCfg = Debug|Any CPU
		{BF57DFB7-5487-4C9D-BA51-62A6E8F038A2}.Debug|Any CPU.Build.0 = Debug|Any CPU
		{BF57DFB7-5487-4C9D-BA51-62A6E8F038A2}.Release|Any CPU.ActiveCfg = Release|Any CPU
		{BF57DFB7-5487-4C9D-BA51-62A6E8F038A2}.Release|Any CPU.Build.0 = Release|Any CPU
	EndGlobalSection
	GlobalSection(SolutionProperties) = preSolution
		HideSolutionNode = FALSE
	EndGlobalSection
	GlobalSection(ExtensibilityGlobals) = postSolution
		SolutionGuid = {0E26834C-3C56-42AC-93B8-0B684F96150A}
	EndGlobalSection
EndGlobal
